<?xml version="1.0" encoding="utf-8"?>
<Project ToolsVersion="4.0" xmlns="http://schemas.microsoft.com/developer/msbuild/2003">
  <ItemGroup>
    <Filter Include="Game">
      <UniqueIdentifier>{9a83929c-2c6b-48f0-9547-3c7864b2e934}</UniqueIdentifier>
    </Filter>
    <Filter Include="Engine">
      <UniqueIdentifier>{edbbd60f-5832-45e2-ba92-b221c8028f7b}</UniqueIdentifier>
    </Filter>
    <Filter Include="Engine\Window">
      <UniqueIdentifier>{f606aba0-9120-43e2-a32b-6c1f09c72cc6}</UniqueIdentifier>
    </Filter>
    <Filter Include="Engine\Graphic">
      <UniqueIdentifier>{161833cc-51cf-4b1f-bafb-cd9bd8d2aa1f}</UniqueIdentifier>
    </Filter>
    <Filter Include="Engine\Input System">
      <UniqueIdentifier>{123abbd2-26cf-4845-95cd-379b0d3a6c1f}</UniqueIdentifier>
    </Filter>
    <Filter Include="Engine\Graphic\Render Engine">
      <UniqueIdentifier>{e173b166-32aa-4140-9c21-e0e7d4ebc241}</UniqueIdentifier>
    </Filter>
    <Filter Include="Engine\Graphic\Render Engine\Device Context">
      <UniqueIdentifier>{7fb614e2-d364-4ecf-b20a-4da6d5b34a06}</UniqueIdentifier>
    </Filter>
    <Filter Include="Engine\Graphic\Render Engine\Constant Buffer">
      <UniqueIdentifier>{68009106-6057-431a-a37e-15d836fa300d}</UniqueIdentifier>
    </Filter>
    <Filter Include="Engine\Graphic\Render Engine\Index Buffer">
      <UniqueIdentifier>{d610309f-92f1-44e0-97cb-8dccfda0a03f}</UniqueIdentifier>
    </Filter>
    <Filter Include="Engine\Graphic\Render Engine\Vertext Shader">
      <UniqueIdentifier>{ba297830-d20c-4cf8-a5f6-952d5ec31ccf}</UniqueIdentifier>
    </Filter>
    <Filter Include="Engine\Graphic\Render Engine\Vertext Buffer">
      <UniqueIdentifier>{9428cc27-f286-4566-a4f7-15f94cb72a30}</UniqueIdentifier>
    </Filter>
    <Filter Include="Engine\Graphic\Render Engine\Swap Chain">
      <UniqueIdentifier>{45723bbf-d6b9-4be6-b7b1-fa045751e215}</UniqueIdentifier>
    </Filter>
    <Filter Include="Engine\Graphic\Render Engine\Pixel Shader">
      <UniqueIdentifier>{e79f0bb5-5472-492a-8109-7e014fe45937}</UniqueIdentifier>
    </Filter>
    <Filter Include="Engine\Graphic\Render Engine\Shaders">
      <UniqueIdentifier>{4414a172-0b6f-48b6-b6ea-6f83540dffd8}</UniqueIdentifier>
    </Filter>
    <Filter Include="Engine\Graphic\Camera">
      <UniqueIdentifier>{94dcda6e-016e-471a-8ec1-7f964acf7558}</UniqueIdentifier>
    </Filter>
    <Filter Include="Engine\Graphic\Resource Manager">
      <UniqueIdentifier>{079f81e7-0201-4107-a15e-5569ba7e89bc}</UniqueIdentifier>
    </Filter>
    <Filter Include="Engine\Graphic\Resource Manager\Texture Manager">
      <UniqueIdentifier>{85760b53-10a0-47c3-91ee-2f913e5e3409}</UniqueIdentifier>
    </Filter>
    <Filter Include="Game\Resource">
      <UniqueIdentifier>{e75376e5-a670-4a21-b2b3-7aa79b3337e7}</UniqueIdentifier>
    </Filter>
    <Filter Include="Game\Resource\Assest">
      <UniqueIdentifier>{079a4a28-16f0-4f0e-b417-5572a4ef2d34}</UniqueIdentifier>
    </Filter>
    <Filter Include="Game\Resource\Assest\Textures">
      <UniqueIdentifier>{1b4914cf-5c03-4996-bf15-5c3e3a664f42}</UniqueIdentifier>
    </Filter>
    <Filter Include="Engine\Graphic\Resource Manager\Mesh Manager">
      <UniqueIdentifier>{377de487-dec5-433e-ab92-626df385ba11}</UniqueIdentifier>
    </Filter>
    <Filter Include="Game\Resource\Meshes">
      <UniqueIdentifier>{e4cfdc79-abeb-46ad-80ea-3a68d0fe1252}</UniqueIdentifier>
    </Filter>
    <Filter Include="Engine\Graphic\Render Engine\Hull Shader">
      <UniqueIdentifier>{e6667f8c-b0f7-42c5-ab29-785acaa8217e}</UniqueIdentifier>
    </Filter>
    <Filter Include="Engine\Graphic\Render Engine\Domain Shader">
      <UniqueIdentifier>{0e9a562f-ad29-4f9f-9f01-e123d9e9a312}</UniqueIdentifier>
    </Filter>
    <Filter Include="Engine\Graphic\Render Engine\Geometry Shader">
      <UniqueIdentifier>{eabc1f7a-a081-4178-a803-5aff4c4d945f}</UniqueIdentifier>
    </Filter>
  </ItemGroup>
  <ItemGroup>
    <ClCompile Include="main.cpp">
      <Filter>Game</Filter>
    </ClCompile>
    <ClCompile Include="Window.cpp">
      <Filter>Engine\Window</Filter>
    </ClCompile>
    <ClCompile Include="InputSystem.cpp">
      <Filter>Engine\Input System</Filter>
    </ClCompile>
    <ClCompile Include="Camera.cpp">
      <Filter>Engine\Graphic\Camera</Filter>
    </ClCompile>
    <ClCompile Include="DeviceContext.cpp">
      <Filter>Engine\Graphic\Render Engine\Device Context</Filter>
    </ClCompile>
    <ClCompile Include="ConstantBuffer.cpp">
      <Filter>Engine\Graphic\Render Engine\Constant Buffer</Filter>
    </ClCompile>
    <ClCompile Include="IndexBuffer.cpp">
      <Filter>Engine\Graphic\Render Engine\Index Buffer</Filter>
    </ClCompile>
    <ClCompile Include="GraphicsEngine.cpp">
      <Filter>Engine\Graphic</Filter>
    </ClCompile>
    <ClCompile Include="PixelShader.cpp">
      <Filter>Engine\Graphic\Render Engine\Pixel Shader</Filter>
    </ClCompile>
    <ClCompile Include="SwapChain.cpp">
      <Filter>Engine\Graphic\Render Engine\Swap Chain</Filter>
    </ClCompile>
    <ClCompile Include="VertexBuffer.cpp">
      <Filter>Engine\Graphic\Render Engine\Vertext Buffer</Filter>
    </ClCompile>
    <ClCompile Include="VertexShader.cpp">
      <Filter>Engine\Graphic\Render Engine\Vertext Shader</Filter>
    </ClCompile>
    <ClCompile Include="Renderer.cpp">
      <Filter>Engine\Graphic\Render Engine</Filter>
    </ClCompile>
    <ClCompile Include="Resource.cpp">
      <Filter>Engine\Graphic\Resource Manager</Filter>
    </ClCompile>
    <ClCompile Include="ResourceManager.cpp">
      <Filter>Engine\Graphic\Resource Manager</Filter>
    </ClCompile>
    <ClCompile Include="Texture.cpp">
      <Filter>Engine\Graphic\Resource Manager\Texture Manager</Filter>
    </ClCompile>
    <ClCompile Include="TextureManager.cpp">
      <Filter>Engine\Graphic\Resource Manager\Texture Manager</Filter>
    </ClCompile>
    <ClCompile Include="GameWindow.cpp">
      <Filter>Game</Filter>
    </ClCompile>
    <ClCompile Include="Mesh.cpp">
      <Filter>Engine\Graphic\Resource Manager\Mesh Manager</Filter>
    </ClCompile>
    <ClCompile Include="MeshManager.cpp">
      <Filter>Engine\Graphic\Resource Manager\Mesh Manager</Filter>
    </ClCompile>
    <ClCompile Include="DataStructure.h">
      <Filter>Engine\Graphic\Render Engine</Filter>
    </ClCompile>
    <ClCompile Include="Constant.h">
      <Filter>Engine\Graphic</Filter>
    </ClCompile>
    <ClCompile Include="ReadCSO.h">
      <Filter>Engine\Graphic\Render Engine</Filter>
    </ClCompile>
    <ClCompile Include="HullShader.cpp">
      <Filter>Engine\Graphic\Render Engine\Hull Shader</Filter>
    </ClCompile>
    <ClCompile Include="DomainShader.cpp">
      <Filter>Engine\Graphic\Render Engine\Domain Shader</Filter>
    </ClCompile>
    <ClCompile Include="GeometryShader.cpp">
      <Filter>Engine\Graphic\Render Engine\Geometry Shader</Filter>
    </ClCompile>
  </ItemGroup>
  <ItemGroup>
    <ClInclude Include="Window.h">
      <Filter>Engine\Window</Filter>
    </ClInclude>
    <ClInclude Include="IInputListener.h">
      <Filter>Engine\Input System</Filter>
    </ClInclude>
    <ClInclude Include="InputSystem.h">
      <Filter>Engine\Input System</Filter>
    </ClInclude>
    <ClInclude Include="Camera.h">
      <Filter>Engine\Graphic\Camera</Filter>
    </ClInclude>
    <ClInclude Include="DeviceContext.h">
      <Filter>Engine\Graphic\Render Engine\Device Context</Filter>
    </ClInclude>
    <ClInclude Include="ConstantBuffer.h">
      <Filter>Engine\Graphic\Render Engine\Constant Buffer</Filter>
    </ClInclude>
    <ClInclude Include="IndexBuffer.h">
      <Filter>Engine\Graphic\Render Engine\Index Buffer</Filter>
    </ClInclude>
    <ClInclude Include="GraphicsEngine.h">
      <Filter>Engine\Graphic</Filter>
    </ClInclude>
    <ClInclude Include="PixelShader.h">
      <Filter>Engine\Graphic\Render Engine\Pixel Shader</Filter>
    </ClInclude>
    <ClInclude Include="SwapChain.h">
      <Filter>Engine\Graphic\Render Engine\Swap Chain</Filter>
    </ClInclude>
    <ClInclude Include="VertexBuffer.h">
      <Filter>Engine\Graphic\Render Engine\Vertext Buffer</Filter>
    </ClInclude>
    <ClInclude Include="VertexShader.h">
      <Filter>Engine\Graphic\Render Engine\Vertext Shader</Filter>
    </ClInclude>
    <ClInclude Include="Prerequisites.h">
      <Filter>Engine\Graphic</Filter>
    </ClInclude>
    <ClInclude Include="Renderer.h">
      <Filter>Engine\Graphic\Render Engine</Filter>
    </ClInclude>
    <ClInclude Include="Resource.h">
      <Filter>Engine\Graphic\Resource Manager</Filter>
    </ClInclude>
    <ClInclude Include="ResourceManager.h">
      <Filter>Engine\Graphic\Resource Manager</Filter>
    </ClInclude>
    <ClInclude Include="Texture.h">
      <Filter>Engine\Graphic\Resource Manager\Texture Manager</Filter>
    </ClInclude>
    <ClInclude Include="TextureManager.h">
      <Filter>Engine\Graphic\Resource Manager\Texture Manager</Filter>
    </ClInclude>
    <ClInclude Include="GameWindow.h">
      <Filter>Game</Filter>
    </ClInclude>
    <ClInclude Include="MeshManager.h">
      <Filter>Engine\Graphic\Resource Manager\Mesh Manager</Filter>
    </ClInclude>
    <ClInclude Include="Mesh.h">
      <Filter>Engine\Graphic\Resource Manager\Mesh Manager</Filter>
    </ClInclude>
    <ClInclude Include="HullShader.h">
      <Filter>Engine\Graphic\Render Engine\Hull Shader</Filter>
    </ClInclude>
    <ClInclude Include="DomainShader.h">
      <Filter>Engine\Graphic\Render Engine\Domain Shader</Filter>
    </ClInclude>
    <ClInclude Include="GeometryShader.h">
      <Filter>Engine\Graphic\Render Engine\Geometry Shader</Filter>
    </ClInclude>
  </ItemGroup>
  <ItemGroup>
    <FxCompile Include="VertexShader.hlsl">
      <Filter>Engine\Graphic\Render Engine\Shaders</Filter>
    </FxCompile>
    <FxCompile Include="PixelShader.hlsl">
      <Filter>Engine\Graphic\Render Engine\Shaders</Filter>
    </FxCompile>
    <FxCompile Include="VetexMeshLayoutShader.hlsl">
      <Filter>Engine\Graphic\Render Engine\Shaders</Filter>
    </FxCompile>
    <FxCompile Include="SkyboxPixelShader.hlsl">
      <Filter>Engine\Graphic\Render Engine\Shaders</Filter>
    </FxCompile>
    <FxCompile Include="DomainShader.hlsl">
      <Filter>Engine\Graphic\Render Engine\Shaders</Filter>
    </FxCompile>
    <FxCompile Include="GeometryShader.hlsl">
      <Filter>Engine\Graphic\Render Engine\Shaders</Filter>
    </FxCompile>
    <FxCompile Include="HullShader.hlsl">
      <Filter>Engine\Graphic\Render Engine\Shaders</Filter>
    </FxCompile>
  </ItemGroup>
  <ItemGroup>
    <Image Include="Assests\Textures\wood.jpg">
      <Filter>Game\Resource\Assest\Textures</Filter>
    </Image>
    <Image Include="Assets\Textures\diamond.png">
      <Filter>Game\Resource\Assest\Textures</Filter>
    </Image>
    <Image Include="Assets\Textures\sky.jpg">
      <Filter>Game\Resource\Assest\Textures</Filter>
    </Image>
    <Image Include="Assets\Textures\brick.png">
      <Filter>Game\Resource\Assest\Textures</Filter>
    </Image>
  </ItemGroup>
  <ItemGroup>
    <Object Include="Assets\Meshes\teapot.obj">
      <Filter>Game\Resource\Meshes</Filter>
    </Object>
    <Object Include="Assets\Meshes\statue.obj">
      <Filter>Game\Resource\Meshes</Filter>
    </Object>
    <Object Include="Assets\Meshes\sphere_hq.obj">
      <Filter>Game\Resource\Meshes</Filter>
    </Object>
  </ItemGroup>
  <ItemGroup>
    <None Include=".gitignore" />
    <None Include="vcpkg.json" />
  </ItemGroup>
</Project>