<?xml version="1.0" encoding="utf-8"?>
<Project ToolsVersion="4.0" xmlns="http://schemas.microsoft.com/developer/msbuild/2003">
  <ItemGroup>
    <Filter Include="Game">
      <UniqueIdentifier>{9a83929c-2c6b-48f0-9547-3c7864b2e934}</UniqueIdentifier>
    </Filter>
    <Filter Include="Engine">
      <UniqueIdentifier>{edbbd60f-5832-45e2-ba92-b221c8028f7b}</UniqueIdentifier>
    </Filter>
    <Filter Include="Engine\Window">
      <UniqueIdentifier>{f606aba0-9120-43e2-a32b-6c1f09c72cc6}</UniqueIdentifier>
    </Filter>
    <Filter Include="Engine\Window\Source Files">
      <UniqueIdentifier>{90e89d6f-6d0d-49c7-8a99-20c1a00de8eb}</UniqueIdentifier>
    </Filter>
    <Filter Include="Engine\Window\Header Files">
      <UniqueIdentifier>{67d2d2de-511e-45f1-b022-3fcce8e08af3}</UniqueIdentifier>
    </Filter>
    <Filter Include="Game\Header Files">
      <UniqueIdentifier>{27d8a636-fd03-4429-a99e-33c1111d6bc5}</UniqueIdentifier>
    </Filter>
    <Filter Include="Game\Source Files">
      <UniqueIdentifier>{49face33-a124-49de-b844-645565306cf2}</UniqueIdentifier>
    </Filter>
    <Filter Include="Engine\Graphic">
      <UniqueIdentifier>{161833cc-51cf-4b1f-bafb-cd9bd8d2aa1f}</UniqueIdentifier>
    </Filter>
    <Filter Include="Engine\Graphic\Header Files">
      <UniqueIdentifier>{5bca9276-88c9-4735-9ec3-d904fbc6fc0f}</UniqueIdentifier>
    </Filter>
    <Filter Include="Engine\Graphic\Source Files">
      <UniqueIdentifier>{06b5635b-19c9-4e03-a20e-4df266037a83}</UniqueIdentifier>
    </Filter>
    <Filter Include="Engine\Graphic\Shaders">
      <UniqueIdentifier>{4414a172-0b6f-48b6-b6ea-6f83540dffd8}</UniqueIdentifier>
    </Filter>
    <Filter Include="Engine\Input System">
      <UniqueIdentifier>{123abbd2-26cf-4845-95cd-379b0d3a6c1f}</UniqueIdentifier>
    </Filter>
    <Filter Include="Engine\Input System\Header Files">
      <UniqueIdentifier>{040cf52d-9eb1-40cd-9bb4-3be1f441a487}</UniqueIdentifier>
    </Filter>
    <Filter Include="Engine\Input System\Source Files">
      <UniqueIdentifier>{1b7b51f8-da25-4386-9387-6037292961c3}</UniqueIdentifier>
    </Filter>
  </ItemGroup>
  <ItemGroup>
    <ClCompile Include="main.cpp">
      <Filter>Game</Filter>
    </ClCompile>
    <ClCompile Include="Window.cpp">
      <Filter>Engine\Window\Source Files</Filter>
    </ClCompile>
    <ClCompile Include="GameWindow.cpp">
      <Filter>Game\Source Files</Filter>
    </ClCompile>
    <ClCompile Include="GraphicsEngine.cpp">
      <Filter>Engine\Graphic\Source Files</Filter>
    </ClCompile>
    <ClCompile Include="SwapChain.cpp">
      <Filter>Engine\Graphic\Source Files</Filter>
    </ClCompile>
    <ClCompile Include="DeviceContext.cpp">
      <Filter>Engine\Graphic\Source Files</Filter>
    </ClCompile>
    <ClCompile Include="VertexBuffer.cpp">
      <Filter>Engine\Graphic\Source Files</Filter>
    </ClCompile>
    <ClCompile Include="VertexShader.cpp">
      <Filter>Engine\Graphic\Source Files</Filter>
    </ClCompile>
    <ClCompile Include="PixelShader.cpp">
      <Filter>Engine\Graphic\Source Files</Filter>
    </ClCompile>
    <ClCompile Include="ConstantBuffer.cpp">
      <Filter>Engine\Graphic\Source Files</Filter>
    </ClCompile>
    <ClCompile Include="IndexBuffer.cpp">
      <Filter>Engine\Graphic\Source Files</Filter>
    </ClCompile>
    <ClCompile Include="InputSystem.cpp">
      <Filter>Engine\Input System\Source Files</Filter>
    </ClCompile>
  </ItemGroup>
  <ItemGroup>
    <ClInclude Include="Window.h">
      <Filter>Engine\Window\Header Files</Filter>
    </ClInclude>
    <ClInclude Include="GameWindow.h">
      <Filter>Game\Header Files</Filter>
    </ClInclude>
    <ClInclude Include="GraphicsEngine.h">
      <Filter>Engine\Graphic\Header Files</Filter>
    </ClInclude>
    <ClInclude Include="SwapChain.h">
      <Filter>Engine\Graphic\Header Files</Filter>
    </ClInclude>
    <ClInclude Include="DeviceContext.h">
      <Filter>Engine\Graphic\Header Files</Filter>
    </ClInclude>
    <ClInclude Include="VertexBuffer.h">
      <Filter>Engine\Graphic\Header Files</Filter>
    </ClInclude>
    <ClInclude Include="VertexShader.h">
      <Filter>Engine\Graphic\Header Files</Filter>
    </ClInclude>
    <ClInclude Include="PixelShader.h">
      <Filter>Engine\Graphic\Header Files</Filter>
    </ClInclude>
    <ClInclude Include="ConstantBuffer.h">
      <Filter>Engine\Graphic\Header Files</Filter>
    </ClInclude>
    <ClInclude Include="IndexBuffer.h">
      <Filter>Engine\Graphic\Header Files</Filter>
    </ClInclude>
    <ClInclude Include="InputSystem.h">
      <Filter>Engine\Input System\Header Files</Filter>
    </ClInclude>
    <ClInclude Include="IInputListener.h">
      <Filter>Engine\Input System\Header Files</Filter>
    </ClInclude>
  </ItemGroup>
  <ItemGroup>
    <FxCompile Include="VertexShader.hlsl">
      <Filter>Engine\Graphic\Shaders</Filter>
    </FxCompile>
    <FxCompile Include="PixelShader.hlsl">
      <Filter>Engine\Graphic\Shaders</Filter>
    </FxCompile>
  </ItemGroup>
</Project>